
Microsoft Visual Studio Solution File, Format Version 12.00
# Visual Studio Version 16
VisualStudioVersion = 16.0.30204.135
MinimumVisualStudioVersion = 10.0.40219.1
Project("{FAE04EC0-301F-11D3-BF4B-00C04F79EFBC}") = "Typer T-600", "Typer T-600.csproj", "{D24CD031-A332-46AD-BFAE-1858225562D6}"
EndProject
Global
	GlobalSection(SolutionConfigurationPlatforms) = preSolution
		Debug|Any CPU = Debug|Any CPU
		Release|Any CPU = Release|Any CPU
	EndGlobalSection
	GlobalSection(ProjectConfigurationPlatforms) = postSolution
		{D24CD031-A332-46AD-BFAE-1858225562D6}.Debug|Any CPU.ActiveCfg = Debug|Any CPU
		{D24CD031-A332-46AD-BFAE-1858225562D6}.Debug|Any CPU.Build.0 = Debug|Any CPU
		{D24CD031-A332-46AD-BFAE-1858225562D6}.Release|Any CPU.ActiveCfg = Release|Any CPU
		{D24CD031-A332-46AD-BFAE-1858225562D6}.Release|Any CPU.Build.0 = Release|Any CPU
	EndGlobalSection
	GlobalSection(SolutionProperties) = preSolution
		HideSolutionNode = FALSE
	EndGlobalSection
	GlobalSection(ExtensibilityGlobals) = postSolution
		SolutionGuid = {04271C0C-D7C1-463F-A81A-72B103C2CA44}
	EndGlobalSection
EndGlobal
